
Microsoft Visual Studio Solution File, Format Version 12.00
# Visual Studio Version 17
VisualStudioVersion = 17.8.34309.116
MinimumVisualStudioVersion = 10.0.40219.1
Project("{9A19103F-16F7-4668-BE54-9A1E7A4F7556}") = "MyRazorApp", "MyRazorApp.csproj", "{377EFF5E-34CE-4C9A-A10B-840ADDEF469A}"
EndProject
Global
	GlobalSection(SolutionConfigurationPlatforms) = preSolution
		Debug|Any CPU = Debug|Any CPU
		Release|Any CPU = Release|Any CPU
	EndGlobalSection
	GlobalSection(ProjectConfigurationPlatforms) = postSolution
		{377EFF5E-34CE-4C9A-A10B-840ADDEF469A}.Debug|Any CPU.ActiveCfg = Debug|Any CPU
		{377EFF5E-34CE-4C9A-A10B-840ADDEF469A}.Debug|Any CPU.Build.0 = Debug|Any CPU
		{377EFF5E-34CE-4C9A-A10B-840ADDEF469A}.Release|Any CPU.ActiveCfg = Release|Any CPU
		{377EFF5E-34CE-4C9A-A10B-840ADDEF469A}.Release|Any CPU.Build.0 = Release|Any CPU
	EndGlobalSection
	GlobalSection(SolutionProperties) = preSolution
		HideSolutionNode = FALSE
	EndGlobalSection
	GlobalSection(ExtensibilityGlobals) = postSolution
		SolutionGuid = {C0DDA728-35E3-4F02-A1FA-6E22199D17A3}
	EndGlobalSection
EndGlobal
